{
  "version": 4,
  "terraform_version": "1.11.0",
  "serial": 50,
  "lineage": "268d8cf0-ebdb-691d-c399-db58d1030ec7",
  "outputs": {},
  "resources": [
    {
      "mode": "managed",
      "type": "aws_db_subnet_group",
      "name": "c16-josh-subnet-group",
      "provider": "provider[\"registry.terraform.io/hashicorp/aws\"]",
      "instances": [
        {
          "schema_version": 0,
          "attributes": {
            "arn": "arn:aws:rds:eu-west-2:129033205317:subgrp:c16-josh-subnet-group",
            "description": "Managed by Terraform",
            "id": "c16-josh-subnet-group",
            "name": "c16-josh-subnet-group",
            "name_prefix": "",
            "subnet_ids": [
              "subnet-04e4d3f50aeb3bf26",
              "subnet-05d160482df87f733"
            ],
            "supported_network_types": [
              "IPV4"
            ],
            "tags": {
              "Name": "c16-josh-db-subnet-group"
            },
            "tags_all": {
              "Name": "c16-josh-db-subnet-group"
            },
            "vpc_id": "vpc-0f7ba8057a52dd82d"
          },
          "sensitive_attributes": [],
          "private": "bnVsbA=="
        }
      ]
    }
  ],
  "check_results": null
}
